<Solution>
  <Project Path="src/DeltaNetcode/DeltaNetcode.csproj" />
  <Project Path="src/DeltaNetcode.Generators/DeltaNetcode.Generators.csproj" />
  <Project Path="src/DeltaNetcode.CodeFixes/DeltaNetcode.CodeFixes.csproj" />
  <Project Path="samples/DeltaNetcode.Aot/DeltaNetcode.Aot.csproj" />
</Solution>
